
Microsoft Visual Studio Solution File, Format Version 12.00
# Visual Studio Version 17
VisualStudioVersion = 17.9.34728.123
MinimumVisualStudioVersion = 10.0.40219.1
Project("{FAE04EC0-301F-11D3-BF4B-00C04F79EFBC}") = "Ersti", "Ersti\Ersti.csproj", "{D0ADC1DD-D9BB-4EA4-AAE3-93E4A2CBBA29}"
EndProject
Global
	GlobalSection(SolutionConfigurationPlatforms) = preSolution
		Debug|Any CPU = Debug|Any CPU
		Release|Any CPU = Release|Any CPU
	EndGlobalSection
	GlobalSection(ProjectConfigurationPlatforms) = postSolution
		{D0ADC1DD-D9BB-4EA4-AAE3-93E4A2CBBA29}.Debug|Any CPU.ActiveCfg = Debug|Any CPU
		{D0ADC1DD-D9BB-4EA4-AAE3-93E4A2CBBA29}.Debug|Any CPU.Build.0 = Debug|Any CPU
		{D0ADC1DD-D9BB-4EA4-AAE3-93E4A2CBBA29}.Release|Any CPU.ActiveCfg = Release|Any CPU
		{D0ADC1DD-D9BB-4EA4-AAE3-93E4A2CBBA29}.Release|Any CPU.Build.0 = Release|Any CPU
	EndGlobalSection
	GlobalSection(SolutionProperties) = preSolution
		HideSolutionNode = FALSE
	EndGlobalSection
	GlobalSection(ExtensibilityGlobals) = postSolution
		SolutionGuid = {7BBBF949-D07D-4901-8085-B7615A40D8F0}
	EndGlobalSection
EndGlobal
